
Microsoft Visual Studio Solution File, Format Version 12.00
# Visual Studio Version 17
VisualStudioVersion = 17.14.36221.1
MinimumVisualStudioVersion = 10.0.40219.1
Project("{FAE04EC0-301F-11D3-BF4B-00C04F79EFBC}") = "SharpAI", "SharpAI\SharpAI.csproj", "{62E9AB56-E195-42B1-B416-E6D9A69AD336}"
EndProject
Project("{FAE04EC0-301F-11D3-BF4B-00C04F79EFBC}") = "SharpAI.Server", "SharpAI.Server\SharpAI.Server.csproj", "{08CB1661-D603-41CA-B07C-CC8507581C4B}"
EndProject
Project("{FAE04EC0-301F-11D3-BF4B-00C04F79EFBC}") = "Test.LlamaSharpProvider", "Test.LlamaSharpProvider\Test.LlamaSharpProvider.csproj", "{EF722BC6-F7E2-4B9F-BD86-FABB5E57B6F6}"
EndProject
Project("{FAE04EC0-301F-11D3-BF4B-00C04F79EFBC}") = "Test.HuggingFace", "Test.HuggingFace\Test.HuggingFace.csproj", "{39B17FE5-EFC5-4194-9F8E-4A497CEDD481}"
EndProject
Project("{FAE04EC0-301F-11D3-BF4B-00C04F79EFBC}") = "Test.SharpAIDriver", "Test.SharpAIDriver\Test.SharpAIDriver.csproj", "{D2761993-E48E-48B8-A023-CD20BE604ABA}"
EndProject
Project("{FAE04EC0-301F-11D3-BF4B-00C04F79EFBC}") = "Test.PromptBuilder", "Test.PromptBuilder\Test.PromptBuilder.csproj", "{71472BDE-1F9E-4A68-BF1A-5707E33CDFC3}"
EndProject
Project("{FAE04EC0-301F-11D3-BF4B-00C04F79EFBC}") = "Test.Shared", "Test.Shared\Test.Shared.csproj", "{28A4988B-D94B-4A92-BFF8-096E33BE822F}"
EndProject
Project("{FAE04EC0-301F-11D3-BF4B-00C04F79EFBC}") = "Test.Automated", "Test.Automated\Test.Automated.csproj", "{2210ACBD-C203-41FE-BDFD-289CF695E2BF}"
EndProject
Project("{FAE04EC0-301F-11D3-BF4B-00C04F79EFBC}") = "Test.Xunit", "Test.Xunit\Test.Xunit.csproj", "{AD052882-6EA6-49C7-B0A3-3AF667149578}"
EndProject
Project("{FAE04EC0-301F-11D3-BF4B-00C04F79EFBC}") = "Test.Nunit", "Test.Nunit\Test.Nunit.csproj", "{0F04E40F-64C3-4F88-9DCC-E727D51571F2}"
EndProject
Global
	GlobalSection(SolutionConfigurationPlatforms) = preSolution
		Debug|Any CPU = Debug|Any CPU
		Debug|x64 = Debug|x64
		Debug|x86 = Debug|x86
		Release|Any CPU = Release|Any CPU
		Release|x64 = Release|x64
		Release|x86 = Release|x86
	EndGlobalSection
	GlobalSection(ProjectConfigurationPlatforms) = postSolution
		{62E9AB56-E195-42B1-B416-E6D9A69AD336}.Debug|Any CPU.ActiveCfg = Debug|Any CPU
		{62E9AB56-E195-42B1-B416-E6D9A69AD336}.Debug|Any CPU.Build.0 = Debug|Any CPU
		{62E9AB56-E195-42B1-B416-E6D9A69AD336}.Debug|x64.ActiveCfg = Debug|Any CPU
		{62E9AB56-E195-42B1-B416-E6D9A69AD336}.Debug|x64.Build.0 = Debug|Any CPU
		{62E9AB56-E195-42B1-B416-E6D9A69AD336}.Debug|x86.ActiveCfg = Debug|Any CPU
		{62E9AB56-E195-42B1-B416-E6D9A69AD336}.Debug|x86.Build.0 = Debug|Any CPU
		{62E9AB56-E195-42B1-B416-E6D9A69AD336}.Release|Any CPU.ActiveCfg = Release|Any CPU
		{62E9AB56-E195-42B1-B416-E6D9A69AD336}.Release|Any CPU.Build.0 = Release|Any CPU
		{62E9AB56-E195-42B1-B416-E6D9A69AD336}.Release|x64.ActiveCfg = Release|Any CPU
		{62E9AB56-E195-42B1-B416-E6D9A69AD336}.Release|x64.Build.0 = Release|Any CPU
		{62E9AB56-E195-42B1-B416-E6D9A69AD336}.Release|x86.ActiveCfg = Release|Any CPU
		{62E9AB56-E195-42B1-B416-E6D9A69AD336}.Release|x86.Build.0 = Release|Any CPU
		{08CB1661-D603-41CA-B07C-CC8507581C4B}.Debug|Any CPU.ActiveCfg = Debug|Any CPU
		{08CB1661-D603-41CA-B07C-CC8507581C4B}.Debug|Any CPU.Build.0 = Debug|Any CPU
		{08CB1661-D603-41CA-B07C-CC8507581C4B}.Debug|x64.ActiveCfg = Debug|Any CPU
		{08CB1661-D603-41CA-B07C-CC8507581C4B}.Debug|x64.Build.0 = Debug|Any CPU
		{08CB1661-D603-41CA-B07C-CC8507581C4B}.Debug|x86.ActiveCfg = Debug|Any CPU
		{08CB1661-D603-41CA-B07C-CC8507581C4B}.Debug|x86.Build.0 = Debug|Any CPU
		{08CB1661-D603-41CA-B07C-CC8507581C4B}.Release|Any CPU.ActiveCfg = Release|Any CPU
		{08CB1661-D603-41CA-B07C-CC8507581C4B}.Release|Any CPU.Build.0 = Release|Any CPU
		{08CB1661-D603-41CA-B07C-CC8507581C4B}.Release|x64.ActiveCfg = Release|Any CPU
		{08CB1661-D603-41CA-B07C-CC8507581C4B}.Release|x64.Build.0 = Release|Any CPU
		{08CB1661-D603-41CA-B07C-CC8507581C4B}.Release|x86.ActiveCfg = Release|Any CPU
		{08CB1661-D603-41CA-B07C-CC8507581C4B}.Release|x86.Build.0 = Release|Any CPU
		{EF722BC6-F7E2-4B9F-BD86-FABB5E57B6F6}.Debug|Any CPU.ActiveCfg = Debug|Any CPU
		{EF722BC6-F7E2-4B9F-BD86-FABB5E57B6F6}.Debug|Any CPU.Build.0 = Debug|Any CPU
		{EF722BC6-F7E2-4B9F-BD86-FABB5E57B6F6}.Debug|x64.ActiveCfg = Debug|Any CPU
		{EF722BC6-F7E2-4B9F-BD86-FABB5E57B6F6}.Debug|x64.Build.0 = Debug|Any CPU
		{EF722BC6-F7E2-4B9F-BD86-FABB5E57B6F6}.Debug|x86.ActiveCfg = Debug|Any CPU
		{EF722BC6-F7E2-4B9F-BD86-FABB5E57B6F6}.Debug|x86.Build.0 = Debug|Any CPU
		{EF722BC6-F7E2-4B9F-BD86-FABB5E57B6F6}.Release|Any CPU.ActiveCfg = Release|Any CPU
		{EF722BC6-F7E2-4B9F-BD86-FABB5E57B6F6}.Release|Any CPU.Build.0 = Release|Any CPU
		{EF722BC6-F7E2-4B9F-BD86-FABB5E57B6F6}.Release|x64.ActiveCfg = Release|Any CPU
		{EF722BC6-F7E2-4B9F-BD86-FABB5E57B6F6}.Release|x64.Build.0 = Release|Any CPU
		{EF722BC6-F7E2-4B9F-BD86-FABB5E57B6F6}.Release|x86.ActiveCfg = Release|Any CPU
		{EF722BC6-F7E2-4B9F-BD86-FABB5E57B6F6}.Release|x86.Build.0 = Release|Any CPU
		{39B17FE5-EFC5-4194-9F8E-4A497CEDD481}.Debug|Any CPU.ActiveCfg = Debug|Any CPU
		{39B17FE5-EFC5-4194-9F8E-4A497CEDD481}.Debug|Any CPU.Build.0 = Debug|Any CPU
		{39B17FE5-EFC5-4194-9F8E-4A497CEDD481}.Debug|x64.ActiveCfg = Debug|Any CPU
		{39B17FE5-EFC5-4194-9F8E-4A497CEDD481}.Debug|x64.Build.0 = Debug|Any CPU
		{39B17FE5-EFC5-4194-9F8E-4A497CEDD481}.Debug|x86.ActiveCfg = Debug|Any CPU
		{39B17FE5-EFC5-4194-9F8E-4A497CEDD481}.Debug|x86.Build.0 = Debug|Any CPU
		{39B17FE5-EFC5-4194-9F8E-4A497CEDD481}.Release|Any CPU.ActiveCfg = Release|Any CPU
		{39B17FE5-EFC5-4194-9F8E-4A497CEDD481}.Release|Any CPU.Build.0 = Release|Any CPU
		{39B17FE5-EFC5-4194-9F8E-4A497CEDD481}.Release|x64.ActiveCfg = Release|Any CPU
		{39B17FE5-EFC5-4194-9F8E-4A497CEDD481}.Release|x64.Build.0 = Release|Any CPU
		{39B17FE5-EFC5-4194-9F8E-4A497CEDD481}.Release|x86.ActiveCfg = Release|Any CPU
		{39B17FE5-EFC5-4194-9F8E-4A497CEDD481}.Release|x86.Build.0 = Release|Any CPU
		{D2761993-E48E-48B8-A023-CD20BE604ABA}.Debug|Any CPU.ActiveCfg = Debug|Any CPU
		{D2761993-E48E-48B8-A023-CD20BE604ABA}.Debug|Any CPU.Build.0 = Debug|Any CPU
		{D2761993-E48E-48B8-A023-CD20BE604ABA}.Debug|x64.ActiveCfg = Debug|Any CPU
		{D2761993-E48E-48B8-A023-CD20BE604ABA}.Debug|x64.Build.0 = Debug|Any CPU
		{D2761993-E48E-48B8-A023-CD20BE604ABA}.Debug|x86.ActiveCfg = Debug|Any CPU
		{D2761993-E48E-48B8-A023-CD20BE604ABA}.Debug|x86.Build.0 = Debug|Any CPU
		{D2761993-E48E-48B8-A023-CD20BE604ABA}.Release|Any CPU.ActiveCfg = Release|Any CPU
		{D2761993-E48E-48B8-A023-CD20BE604ABA}.Release|Any CPU.Build.0 = Release|Any CPU
		{D2761993-E48E-48B8-A023-CD20BE604ABA}.Release|x64.ActiveCfg = Release|Any CPU
		{D2761993-E48E-48B8-A023-CD20BE604ABA}.Release|x64.Build.0 = Release|Any CPU
		{D2761993-E48E-48B8-A023-CD20BE604ABA}.Release|x86.ActiveCfg = Release|Any CPU
		{D2761993-E48E-48B8-A023-CD20BE604ABA}.Release|x86.Build.0 = Release|Any CPU
		{71472BDE-1F9E-4A68-BF1A-5707E33CDFC3}.Debug|Any CPU.ActiveCfg = Debug|Any CPU
		{71472BDE-1F9E-4A68-BF1A-5707E33CDFC3}.Debug|Any CPU.Build.0 = Debug|Any CPU
		{71472BDE-1F9E-4A68-BF1A-5707E33CDFC3}.Debug|x64.ActiveCfg = Debug|Any CPU
		{71472BDE-1F9E-4A68-BF1A-5707E33CDFC3}.Debug|x64.Build.0 = Debug|Any CPU
		{71472BDE-1F9E-4A68-BF1A-5707E33CDFC3}.Debug|x86.ActiveCfg = Debug|Any CPU
		{71472BDE-1F9E-4A68-BF1A-5707E33CDFC3}.Debug|x86.Build.0 = Debug|Any CPU
		{71472BDE-1F9E-4A68-BF1A-5707E33CDFC3}.Release|Any CPU.ActiveCfg = Release|Any CPU
		{71472BDE-1F9E-4A68-BF1A-5707E33CDFC3}.Release|Any CPU.Build.0 = Release|Any CPU
		{71472BDE-1F9E-4A68-BF1A-5707E33CDFC3}.Release|x64.ActiveCfg = Release|Any CPU
		{71472BDE-1F9E-4A68-BF1A-5707E33CDFC3}.Release|x64.Build.0 = Release|Any CPU
		{71472BDE-1F9E-4A68-BF1A-5707E33CDFC3}.Release|x86.ActiveCfg = Release|Any CPU
		{71472BDE-1F9E-4A68-BF1A-5707E33CDFC3}.Release|x86.Build.0 = Release|Any CPU
		{28A4988B-D94B-4A92-BFF8-096E33BE822F}.Debug|Any CPU.ActiveCfg = Debug|Any CPU
		{28A4988B-D94B-4A92-BFF8-096E33BE822F}.Debug|Any CPU.Build.0 = Debug|Any CPU
		{28A4988B-D94B-4A92-BFF8-096E33BE822F}.Debug|x64.ActiveCfg = Debug|Any CPU
		{28A4988B-D94B-4A92-BFF8-096E33BE822F}.Debug|x64.Build.0 = Debug|Any CPU
		{28A4988B-D94B-4A92-BFF8-096E33BE822F}.Debug|x86.ActiveCfg = Debug|Any CPU
		{28A4988B-D94B-4A92-BFF8-096E33BE822F}.Debug|x86.Build.0 = Debug|Any CPU
		{28A4988B-D94B-4A92-BFF8-096E33BE822F}.Release|Any CPU.ActiveCfg = Release|Any CPU
		{28A4988B-D94B-4A92-BFF8-096E33BE822F}.Release|Any CPU.Build.0 = Release|Any CPU
		{28A4988B-D94B-4A92-BFF8-096E33BE822F}.Release|x64.ActiveCfg = Release|Any CPU
		{28A4988B-D94B-4A92-BFF8-096E33BE822F}.Release|x64.Build.0 = Release|Any CPU
		{28A4988B-D94B-4A92-BFF8-096E33BE822F}.Release|x86.ActiveCfg = Release|Any CPU
		{28A4988B-D94B-4A92-BFF8-096E33BE822F}.Release|x86.Build.0 = Release|Any CPU
		{2210ACBD-C203-41FE-BDFD-289CF695E2BF}.Debug|Any CPU.ActiveCfg = Debug|Any CPU
		{2210ACBD-C203-41FE-BDFD-289CF695E2BF}.Debug|Any CPU.Build.0 = Debug|Any CPU
		{2210ACBD-C203-41FE-BDFD-289CF695E2BF}.Debug|x64.ActiveCfg = Debug|Any CPU
		{2210ACBD-C203-41FE-BDFD-289CF695E2BF}.Debug|x64.Build.0 = Debug|Any CPU
		{2210ACBD-C203-41FE-BDFD-289CF695E2BF}.Debug|x86.ActiveCfg = Debug|Any CPU
		{2210ACBD-C203-41FE-BDFD-289CF695E2BF}.Debug|x86.Build.0 = Debug|Any CPU
		{2210ACBD-C203-41FE-BDFD-289CF695E2BF}.Release|Any CPU.ActiveCfg = Release|Any CPU
		{2210ACBD-C203-41FE-BDFD-289CF695E2BF}.Release|Any CPU.Build.0 = Release|Any CPU
		{2210ACBD-C203-41FE-BDFD-289CF695E2BF}.Release|x64.ActiveCfg = Release|Any CPU
		{2210ACBD-C203-41FE-BDFD-289CF695E2BF}.Release|x64.Build.0 = Release|Any CPU
		{2210ACBD-C203-41FE-BDFD-289CF695E2BF}.Release|x86.ActiveCfg = Release|Any CPU
		{2210ACBD-C203-41FE-BDFD-289CF695E2BF}.Release|x86.Build.0 = Release|Any CPU
		{AD052882-6EA6-49C7-B0A3-3AF667149578}.Debug|Any CPU.ActiveCfg = Debug|Any CPU
		{AD052882-6EA6-49C7-B0A3-3AF667149578}.Debug|Any CPU.Build.0 = Debug|Any CPU
		{AD052882-6EA6-49C7-B0A3-3AF667149578}.Debug|x64.ActiveCfg = Debug|Any CPU
		{AD052882-6EA6-49C7-B0A3-3AF667149578}.Debug|x64.Build.0 = Debug|Any CPU
		{AD052882-6EA6-49C7-B0A3-3AF667149578}.Debug|x86.ActiveCfg = Debug|Any CPU
		{AD052882-6EA6-49C7-B0A3-3AF667149578}.Debug|x86.Build.0 = Debug|Any CPU
		{AD052882-6EA6-49C7-B0A3-3AF667149578}.Release|Any CPU.ActiveCfg = Release|Any CPU
		{AD052882-6EA6-49C7-B0A3-3AF667149578}.Release|Any CPU.Build.0 = Release|Any CPU
		{AD052882-6EA6-49C7-B0A3-3AF667149578}.Release|x64.ActiveCfg = Release|Any CPU
		{AD052882-6EA6-49C7-B0A3-3AF667149578}.Release|x64.Build.0 = Release|Any CPU
		{AD052882-6EA6-49C7-B0A3-3AF667149578}.Release|x86.ActiveCfg = Release|Any CPU
		{AD052882-6EA6-49C7-B0A3-3AF667149578}.Release|x86.Build.0 = Release|Any CPU
		{0F04E40F-64C3-4F88-9DCC-E727D51571F2}.Debug|Any CPU.ActiveCfg = Debug|Any CPU
		{0F04E40F-64C3-4F88-9DCC-E727D51571F2}.Debug|Any CPU.Build.0 = Debug|Any CPU
		{0F04E40F-64C3-4F88-9DCC-E727D51571F2}.Debug|x64.ActiveCfg = Debug|Any CPU
		{0F04E40F-64C3-4F88-9DCC-E727D51571F2}.Debug|x64.Build.0 = Debug|Any CPU
		{0F04E40F-64C3-4F88-9DCC-E727D51571F2}.Debug|x86.ActiveCfg = Debug|Any CPU
		{0F04E40F-64C3-4F88-9DCC-E727D51571F2}.Debug|x86.Build.0 = Debug|Any CPU
		{0F04E40F-64C3-4F88-9DCC-E727D51571F2}.Release|Any CPU.ActiveCfg = Release|Any CPU
		{0F04E40F-64C3-4F88-9DCC-E727D51571F2}.Release|Any CPU.Build.0 = Release|Any CPU
		{0F04E40F-64C3-4F88-9DCC-E727D51571F2}.Release|x64.ActiveCfg = Release|Any CPU
		{0F04E40F-64C3-4F88-9DCC-E727D51571F2}.Release|x64.Build.0 = Release|Any CPU
		{0F04E40F-64C3-4F88-9DCC-E727D51571F2}.Release|x86.ActiveCfg = Release|Any CPU
		{0F04E40F-64C3-4F88-9DCC-E727D51571F2}.Release|x86.Build.0 = Release|Any CPU
	EndGlobalSection
	GlobalSection(SolutionProperties) = preSolution
		HideSolutionNode = FALSE
	EndGlobalSection
	GlobalSection(ExtensibilityGlobals) = postSolution
		SolutionGuid = {18601042-CF16-4713-9E0D-FCC9CA97B0A1}
	EndGlobalSection
EndGlobal
